
Microsoft Visual Studio Solution File, Format Version 12.00
# Visual Studio Version 17
VisualStudioVersion = 17.8.34511.84
MinimumVisualStudioVersion = 10.0.40219.1
Project("{FAE04EC0-301F-11D3-BF4B-00C04F79EFBC}") = "EchoMaster", "EchoMaster\EchoMaster.csproj", "{FF1A4A73-F805-4371-B9A5-AC35050A5836}"
EndProject
Global
	GlobalSection(SolutionConfigurationPlatforms) = preSolution
		Debug|Any CPU = Debug|Any CPU
		Release|Any CPU = Release|Any CPU
	EndGlobalSection
	GlobalSection(ProjectConfigurationPlatforms) = postSolution
		{FF1A4A73-F805-4371-B9A5-AC35050A5836}.Debug|Any CPU.ActiveCfg = Debug|Any CPU
		{FF1A4A73-F805-4371-B9A5-AC35050A5836}.Debug|Any CPU.Build.0 = Debug|Any CPU
		{FF1A4A73-F805-4371-B9A5-AC35050A5836}.Release|Any CPU.ActiveCfg = Release|Any CPU
		{FF1A4A73-F805-4371-B9A5-AC35050A5836}.Release|Any CPU.Build.0 = Release|Any CPU
	EndGlobalSection
	GlobalSection(SolutionProperties) = preSolution
		HideSolutionNode = FALSE
	EndGlobalSection
	GlobalSection(ExtensibilityGlobals) = postSolution
		SolutionGuid = {01AEBDEB-9F47-48E3-9375-43931F2EAE07}
	EndGlobalSection
EndGlobal
